
Microsoft Visual Studio Solution File, Format Version 12.00
# Visual Studio 2012
Project("{FAE04EC0-301F-11D3-BF4B-00C04F79EFBC}") = "QueenLanguage", "QueenCompiler\QueenLanguage.csproj", "{4DE02ECC-EE49-455E-AE2C-43753EE396C3}"
EndProject
Project("{FAE04EC0-301F-11D3-BF4B-00C04F79EFBC}") = "QueenLib", "QueenLib\QueenLib.csproj", "{A4C4E6C0-D2BE-4190-A1FF-1CA02EFA7BC9}"
EndProject
Project("{FAE04EC0-301F-11D3-BF4B-00C04F79EFBC}") = "QueenConsoleShell", "QueenConsoleShell\QueenConsoleShell.csproj", "{DE1DC813-6CC2-48B8-AE57-D36EBDCC1CAF}"
EndProject
Global
	GlobalSection(SolutionConfigurationPlatforms) = preSolution
		Debug|Any CPU = Debug|Any CPU
		Release|Any CPU = Release|Any CPU
		Debug|x64 = Debug|x64
		Release|x64 = Release|x64
	EndGlobalSection
	GlobalSection(ProjectConfigurationPlatforms) = postSolution
		{4DE02ECC-EE49-455E-AE2C-43753EE396C3}.Debug|Any CPU.ActiveCfg = Debug|Any CPU
		{4DE02ECC-EE49-455E-AE2C-43753EE396C3}.Debug|Any CPU.Build.0 = Debug|Any CPU
		{4DE02ECC-EE49-455E-AE2C-43753EE396C3}.Release|Any CPU.ActiveCfg = Release|Any CPU
		{4DE02ECC-EE49-455E-AE2C-43753EE396C3}.Release|Any CPU.Build.0 = Release|Any CPU
		{4DE02ECC-EE49-455E-AE2C-43753EE396C3}.Debug|x64.ActiveCfg = Debug|x64
		{4DE02ECC-EE49-455E-AE2C-43753EE396C3}.Debug|x64.Build.0 = Debug|x64
		{4DE02ECC-EE49-455E-AE2C-43753EE396C3}.Release|x64.ActiveCfg = Release|x64
		{4DE02ECC-EE49-455E-AE2C-43753EE396C3}.Release|x64.Build.0 = Release|x64
		{A4C4E6C0-D2BE-4190-A1FF-1CA02EFA7BC9}.Debug|Any CPU.ActiveCfg = Debug|Any CPU
		{A4C4E6C0-D2BE-4190-A1FF-1CA02EFA7BC9}.Debug|Any CPU.Build.0 = Debug|Any CPU
		{A4C4E6C0-D2BE-4190-A1FF-1CA02EFA7BC9}.Release|Any CPU.ActiveCfg = Release|Any CPU
		{A4C4E6C0-D2BE-4190-A1FF-1CA02EFA7BC9}.Release|Any CPU.Build.0 = Release|Any CPU
		{A4C4E6C0-D2BE-4190-A1FF-1CA02EFA7BC9}.Debug|x64.ActiveCfg = Debug|x64
		{A4C4E6C0-D2BE-4190-A1FF-1CA02EFA7BC9}.Debug|x64.Build.0 = Debug|x64
		{A4C4E6C0-D2BE-4190-A1FF-1CA02EFA7BC9}.Release|x64.ActiveCfg = Release|x64
		{A4C4E6C0-D2BE-4190-A1FF-1CA02EFA7BC9}.Release|x64.Build.0 = Release|x64
		{DE1DC813-6CC2-48B8-AE57-D36EBDCC1CAF}.Debug|Any CPU.ActiveCfg = Debug|Any CPU
		{DE1DC813-6CC2-48B8-AE57-D36EBDCC1CAF}.Debug|Any CPU.Build.0 = Debug|Any CPU
		{DE1DC813-6CC2-48B8-AE57-D36EBDCC1CAF}.Release|Any CPU.ActiveCfg = Release|Any CPU
		{DE1DC813-6CC2-48B8-AE57-D36EBDCC1CAF}.Release|Any CPU.Build.0 = Release|Any CPU
		{DE1DC813-6CC2-48B8-AE57-D36EBDCC1CAF}.Debug|x64.ActiveCfg = Debug|Any CPU
		{DE1DC813-6CC2-48B8-AE57-D36EBDCC1CAF}.Debug|x64.Build.0 = Debug|Any CPU
		{DE1DC813-6CC2-48B8-AE57-D36EBDCC1CAF}.Release|x64.ActiveCfg = Release|Any CPU
		{DE1DC813-6CC2-48B8-AE57-D36EBDCC1CAF}.Release|x64.Build.0 = Release|Any CPU
	EndGlobalSection
EndGlobal
